
Microsoft Visual Studio Solution File, Format Version 12.00
# Visual Studio Version 17
VisualStudioVersion = 17.10.35013.160
MinimumVisualStudioVersion = 10.0.40219.1
Project("{FAE04EC0-301F-11D3-BF4B-00C04F79EFBC}") = "01", "01.csproj", "{23895E9E-9AA8-4035-A1B5-DAFF4D7CA3E6}"
EndProject
Global
	GlobalSection(SolutionConfigurationPlatforms) = preSolution
		Debug|Any CPU = Debug|Any CPU
		Release|Any CPU = Release|Any CPU
	EndGlobalSection
	GlobalSection(ProjectConfigurationPlatforms) = postSolution
		{23895E9E-9AA8-4035-A1B5-DAFF4D7CA3E6}.Debug|Any CPU.ActiveCfg = Debug|Any CPU
		{23895E9E-9AA8-4035-A1B5-DAFF4D7CA3E6}.Debug|Any CPU.Build.0 = Debug|Any CPU
		{23895E9E-9AA8-4035-A1B5-DAFF4D7CA3E6}.Release|Any CPU.ActiveCfg = Release|Any CPU
		{23895E9E-9AA8-4035-A1B5-DAFF4D7CA3E6}.Release|Any CPU.Build.0 = Release|Any CPU
	EndGlobalSection
	GlobalSection(SolutionProperties) = preSolution
		HideSolutionNode = FALSE
	EndGlobalSection
	GlobalSection(ExtensibilityGlobals) = postSolution
		SolutionGuid = {87EC738B-4253-4F17-A3AC-BC205303AF15}
	EndGlobalSection
EndGlobal
